{
  "name": "my-server",
  "version": "1.0.0",
  "lockfileVersion": 3,
  "requires": true,
  "packages": {
    "": {
      "name": "my-server",
      "version": "1.0.0",
      "dependencies": {
        "express": "^4.18.2",
        "ws": "^8.14.2"
      }
    }
  },
  "dependencies": {
    "express": {
      "version": "4.18.2"
    },
    "ws": {
      "version": "8.14.2"
    }
  }
}
